# Auto-generated by mcpp. Do not edit by hand.
# Records what this build resolved. It does not yet pin future builds:
# index dependencies are re-resolved from their constraints each time.
# dev-dependencies are excluded: only `mcpp test` resolves them, and this
# file must not change depending on which command ran last.
version = 2

[package."compat.eui-neo"]
namespace = "compat"
version = "0.5.9"
source  = "index+compat@0.5.9"
hash    = "fnv1a:8e236fe11e6be14c"

[package."compat.freetype"]
namespace = "compat"
version = "2.13.3"
source  = "index+compat@2.13.3"
hash    = "fnv1a:d6890a43872e1c0c"

[package."compat.glad"]
namespace = "compat"
version = "0.0.0-651a425"
source  = "index+compat@0.0.0-651a425"
hash    = "fnv1a:2e08f018133834a7"

[package."compat.glfw"]
namespace = "compat"
version = "3.4"
source  = "index+compat@3.4"
hash    = "fnv1a:25c182a9f7ad22a1"

[package."compat.glx-runtime"]
namespace = "compat"
version = "2026.09.11"
source  = "index+compat@2026.09.11"
hash    = "fnv1a:e717f0b0ce98dece"

[package."compat.httplib"]
namespace = "compat"
version = "0.53.1"
source  = "index+compat@0.53.1"
hash    = "fnv1a:a9709261c13afb3b"

[package."compat.khrplatform"]
namespace = "compat"
version = "2026.05.31"
source  = "index+compat@2026.05.31"
hash    = "fnv1a:82c86f54b19de49e"

[package."compat.libpng"]
namespace = "compat"
version = "1.6.43"
source  = "index+compat@1.6.43"
hash    = "fnv1a:67e0ede48ca2cdb7"

[package."compat.opengl"]
namespace = "compat"
version = "2026.05.31"
source  = "index+compat@2026.05.31"
hash    = "fnv1a:e669f321c29172f4"

[package."compat.openssl"]
namespace = "compat"
version = "3.5.1"
source  = "index+compat@3.5.1"
hash    = "fnv1a:633d79304221cf6e"

[package."compat.tray"]
namespace = "compat"
version = "0.0.0-8dd1358"
source  = "index+compat@0.0.0-8dd1358"
hash    = "fnv1a:bd360e9d35a31118"

[package."compat.x11"]
namespace = "compat"
version = "1.8.13"
source  = "index+compat@1.8.13"
hash    = "fnv1a:f2208fbdecbd67e3"

[package."compat.xau"]
namespace = "compat"
version = "1.0.12"
source  = "index+compat@1.0.12"
hash    = "fnv1a:62167ef821a42a07"

[package."compat.xcb"]
namespace = "compat"
version = "1.17.0"
source  = "index+compat@1.17.0"
hash    = "fnv1a:683e5d9f1b4ca3cb"

[package."compat.xcb-proto"]
namespace = "compat"
version = "1.17.0"
source  = "index+compat@1.17.0"
hash    = "fnv1a:a5ed9c026c060332"

[package."compat.xcursor"]
namespace = "compat"
version = "1.2.3"
source  = "index+compat@1.2.3"
hash    = "fnv1a:6c8d04b4e9e8390a"

[package."compat.xdmcp"]
namespace = "compat"
version = "1.1.5"
source  = "index+compat@1.1.5"
hash    = "fnv1a:b0f0a73de4cb877b"

[package."compat.xext"]
namespace = "compat"
version = "1.3.7"
source  = "index+compat@1.3.7"
hash    = "fnv1a:1e964da43fd3b960"

[package."compat.xfixes"]
namespace = "compat"
version = "6.0.2"
source  = "index+compat@6.0.2"
hash    = "fnv1a:595eff4f776220dd"

[package."compat.xi"]
namespace = "compat"
version = "1.8.3"
source  = "index+compat@1.8.3"
hash    = "fnv1a:32c77b1830ad7e41"

[package."compat.xinerama"]
namespace = "compat"
version = "1.1.6"
source  = "index+compat@1.1.6"
hash    = "fnv1a:393cd8d49a290f6e"

[package."compat.xorgproto"]
namespace = "compat"
version = "2025.1"
source  = "index+compat@2025.1"
hash    = "fnv1a:5e6da43addccb21e"

[package."compat.xrandr"]
namespace = "compat"
version = "1.5.5"
source  = "index+compat@1.5.5"
hash    = "fnv1a:909de0a858912daf"

[package."compat.xrender"]
namespace = "compat"
version = "0.9.12"
source  = "index+compat@0.9.12"
hash    = "fnv1a:1e14b9d690cdaa0b"

[package."compat.xtrans"]
namespace = "compat"
version = "1.6.0"
source  = "index+compat@1.6.0"
hash    = "fnv1a:415789d6fb481fdf"

[package."compat.yyjson"]
namespace = "compat"
version = "0.12.0"
source  = "index+compat@0.12.0"
hash    = "fnv1a:c5e62272fa3070e4"

[package."compat.zlib"]
namespace = "compat"
version = "1.3.2"
source  = "index+compat@1.3.2"
hash    = "fnv1a:bb0a6ebd39272a80"

[package."nlohmann.json"]
namespace = "nlohmann"
version = "3.12.0"
source  = "index+nlohmann@3.12.0"
hash    = "fnv1a:998206e0fc3907ad"

