# Auto-generated by mcpp. Do not edit by hand.
# Records what this build resolved. It does not yet pin future builds:
# index dependencies are re-resolved from their constraints each time.
# dev-dependencies are excluded: only `mcpp test` resolves them, and this
# file must not change depending on which command ran last.
version = 2

[package."compat.httplib"]
namespace = "compat"
version = "0.53.1"
source  = "index+compat@0.53.1"
hash    = "fnv1a:317e37407c67a813"

[package."compat.openssl"]
namespace = "compat"
version = "3.5.1"
source  = "index+compat@3.5.1"
hash    = "fnv1a:493bf976865af208"

[package."compat.zlib"]
namespace = "compat"
version = "1.3.2"
source  = "index+compat@1.3.2"
hash    = "fnv1a:9f13dbeaae3ef4c0"

[package."nlohmann.json"]
namespace = "nlohmann"
version = "3.12.0"
source  = "index+nlohmann@3.12.0"
hash    = "fnv1a:65af05f998b1b9d7"

